
Microsoft Visual Studio Solution File, Format Version 12.00
# Visual Studio Version 17
VisualStudioVersion = 17.0.31612.314
MinimumVisualStudioVersion = 10.0.40219.1
Project("{2150E333-8FDC-42A3-9474-1A3956D46DE8}") = "Common", "Common", "{CFCBCF86-FA94-4510-851A-1F23C6FD9ADE}"
EndProject
Project("{9A19103F-16F7-4668-BE54-9A1E7A4F7556}") = "IdeaMachine.Common.Core", "Common\IdeaMachine.Common.Core\IdeaMachine.Common.Core.csproj", "{ECE21599-9EBF-4984-8D39-43198AFA23BB}"
EndProject
Project("{9A19103F-16F7-4668-BE54-9A1E7A4F7556}") = "IdeaMachine.Common.Logging", "Common\IdeaMachine.Common.Logging\IdeaMachine.Common.Logging.csproj", "{758AC638-0E46-4E27-BB3F-4249AFAF40C4}"
EndProject
Project("{E53339B2-1760-4266-BCC7-CA923CBCF16C}") = "docker-compose", "docker-compose.dcproj", "{4DABB35E-EE9D-4DCF-B1A8-8ED8233E8A8E}"
EndProject
Project("{9A19103F-16F7-4668-BE54-9A1E7A4F7556}") = "IdeaMachine.Common.SignalR", "Common\IdeaMachine.Common.SignalR\IdeaMachine.Common.SignalR.csproj", "{9382C9A7-5E3A-4877-BC22-F5F37031C148}"
EndProject
Project("{2150E333-8FDC-42A3-9474-1A3956D46DE8}") = "Modules", "Modules", "{32AB01DD-C846-4192-938A-11DEAC05B772}"
EndProject
Project("{9A19103F-16F7-4668-BE54-9A1E7A4F7556}") = "IdeaMachine.Modules.Idea", "Modules\IdeaMachine.Modules.Idea\IdeaMachine.Modules.Idea.csproj", "{1A61CBFE-01E4-4C0E-AE4F-AD961D5A15CB}"
EndProject
Project("{9A19103F-16F7-4668-BE54-9A1E7A4F7556}") = "IdeaMachine.Common.Database", "Common\IdeaMachine.Common.Database\IdeaMachine.Common.Database.csproj", "{8158FF21-BA04-4BDB-B11C-6248064ED058}"
EndProject
Project("{9A19103F-16F7-4668-BE54-9A1E7A4F7556}") = "IdeaMachine.Common.Web", "Common\IdeaMachine.Common.Web\IdeaMachine.Common.Web.csproj", "{21563978-21AA-48F1-9C39-DD97DA095270}"
EndProject
Project("{9A19103F-16F7-4668-BE54-9A1E7A4F7556}") = "IdeaMachine.Common.Eventing", "Common\IdeaMachine.Common.Eventing\IdeaMachine.Common.Eventing.csproj", "{0B297AE4-0473-4D7B-8C14-1E94D194C374}"
EndProject
Project("{9A19103F-16F7-4668-BE54-9A1E7A4F7556}") = "IdeaMachine.Common.Eventing.Abstractions", "Common\IdeaMachine.Common.Eventing.Abstractions\IdeaMachine.Common.Eventing.Abstractions.csproj", "{96CC1BFA-37EF-4E0B-B4D7-6C39D60B9AFE}"
EndProject
Project("{9A19103F-16F7-4668-BE54-9A1E7A4F7556}") = "IdeaMachine.ModulesServiceBase", "Modules\IdeaMachine.ModulesServiceBase\IdeaMachine.ModulesServiceBase.csproj", "{BC423E7A-9B9A-401C-B899-26E5FBF5D79A}"
EndProject
Project("{9A19103F-16F7-4668-BE54-9A1E7A4F7556}") = "IdeaMachine.Common.DI", "Common\IdeaMachine.Common.DI\IdeaMachine.Common.DI.csproj", "{8D7A71D6-99AA-47F6-9691-661E756EAF55}"
EndProject
Project("{2150E333-8FDC-42A3-9474-1A3956D46DE8}") = "Services", "Services", "{42816EEC-3FED-4342-B3FB-546CF3067EC9}"
EndProject
Project("{9A19103F-16F7-4668-BE54-9A1E7A4F7556}") = "IdeaMachine.Modules.Email", "Modules\IdeaMachine.Modules.Email\IdeaMachine.Modules.Email.csproj", "{58EAA37F-FD79-4027-8B2C-93BC4992C663}"
EndProject
Project("{9A19103F-16F7-4668-BE54-9A1E7A4F7556}") = "IdeaMachine.Modules.Session", "Modules\IdeaMachine.Modules.Session\IdeaMachine.Modules.Session.csproj", "{1EF06DFB-0266-43CA-AB3B-DEA18866E1CB}"
EndProject
Project("{9A19103F-16F7-4668-BE54-9A1E7A4F7556}") = "IdeaMachine.Modules.Account", "Modules\IdeaMachine.Modules.Account\IdeaMachine.Modules.Account.csproj", "{80CAB45D-A4B7-4623-ADF8-5C3D90CF1E67}"
EndProject
Project("{9A19103F-16F7-4668-BE54-9A1E7A4F7556}") = "IdeaMachine.Common.AspNetIdentity", "Common\IdeaMachine.Common.AspNetIdentity\IdeaMachine.Common.AspNetIdentity.csproj", "{D15864C0-CBC6-480B-BB61-E7AFDA7ED6D1}"
EndProject
Project("{9A19103F-16F7-4668-BE54-9A1E7A4F7556}") = "IdeaMachine.Modules.Account.Abstractions", "Modules\IdeaMachine.Modules.Account.Abstractions\IdeaMachine.Modules.Account.Abstractions.csproj", "{445AEEC6-4CB8-457B-987A-042497791CFC}"
EndProject
Project("{9A19103F-16F7-4668-BE54-9A1E7A4F7556}") = "IdeaMachine.Modules.Session.Abstractions", "Modules\IdeaMachine.Modules.Session.Abstractions\IdeaMachine.Modules.Session.Abstractions.csproj", "{BFE93EF0-F179-4AB2-A6DB-E92F09DEA388}"
EndProject
Project("{9A19103F-16F7-4668-BE54-9A1E7A4F7556}") = "IdeaMachine.AccountService", "Services\IdeaMachine.AccountService\IdeaMachine.AccountService.csproj", "{9F14DF7F-695A-4369-BACD-6E84E7536DB8}"
EndProject
Project("{9A19103F-16F7-4668-BE54-9A1E7A4F7556}") = "IdeaMachine.Service.Base", "Services\IdeaMachine.Service.Base\IdeaMachine.Service.Base.csproj", "{C371C33A-0705-4E65-ABC6-8E0DAD0DB389}"
EndProject
Project("{9A19103F-16F7-4668-BE54-9A1E7A4F7556}") = "IdeaMachine.Common.Grpc", "Common\IdeaMachine.Common.Grpc\IdeaMachine.Common.Grpc.csproj", "{7AE2EC73-47C4-4242-8E2F-EAD6318E20CA}"
EndProject
Project("{9A19103F-16F7-4668-BE54-9A1E7A4F7556}") = "IdeaMachine.Common.IPC", "Common\IdeaMachine.Common.IPC\IdeaMachine.Common.IPC.csproj", "{47EB33EB-F9D0-4D9C-9163-996C09D5309E}"
EndProject
Project("{2150E333-8FDC-42A3-9474-1A3956D46DE8}") = "Tools", "Tools", "{3A25ED1F-BDBB-41F3-B78F-EF38472136EA}"
EndProject
Project("{9A19103F-16F7-4668-BE54-9A1E7A4F7556}") = "GrpcProxyGenerator", "Tools\GrpcProxyGenerator\GrpcProxyGenerator.csproj", "{5A7E37F3-A5D8-420C-9C56-9BE546D5640A}"
EndProject
Project("{9A19103F-16F7-4668-BE54-9A1E7A4F7556}") = "IdeaMachine.Common.RemotingProxies", "Common\IdeaMachine.Common.RemotingProxies\IdeaMachine.Common.RemotingProxies.csproj", "{13A6B63E-CD33-4D19-AC79-1C363D448209}"
EndProject
Project("{9A19103F-16F7-4668-BE54-9A1E7A4F7556}") = "IdeaMachine.Common.RuntimeSerialization", "Common\IdeaMachine.Common.RuntimeSerialization\IdeaMachine.Common.RuntimeSerialization.csproj", "{3E31C7C5-F465-49AE-A42D-A56153CC9BCB}"
EndProject
Project("{9A19103F-16F7-4668-BE54-9A1E7A4F7556}") = "IdeaMachine.Modules.Reaction", "Modules\IdeaMachine.Modules.Reaction\IdeaMachine.Modules.Reaction.csproj", "{C651DCCB-82A7-464C-A02E-C94A07E81726}"
EndProject
Project("{9A19103F-16F7-4668-BE54-9A1E7A4F7556}") = "IdeaMachine.Modules.Reaction.Abstractions", "Modules\IdeaMachine.Modules.Reaction.Abstractions\IdeaMachine.Modules.Reaction.Abstractions.csproj", "{EDEF844D-44B7-429A-BF88-D4128FA4FCAB}"
EndProject
Project("{9A19103F-16F7-4668-BE54-9A1E7A4F7556}") = "IdeaMachine.Modules.Idea.Abstractions", "Modules\IdeaMachine.Modules.Idea.Abstractions\IdeaMachine.Modules.Idea.Abstractions.csproj", "{CFC94A50-D742-44AB-8AAF-C83EE2605239}"
EndProject
Project("{2150E333-8FDC-42A3-9474-1A3956D46DE8}") = "Tests", "Tests", "{4A0A011D-700E-4824-9DC8-DCB6CF73A95A}"
EndProject
Project("{9A19103F-16F7-4668-BE54-9A1E7A4F7556}") = "IdeaMachine.Common.Core.Tests", "Tests\IdeaMachine.Common.Core.Tests\IdeaMachine.Common.Core.Tests.csproj", "{19B8A5D5-100E-4083-A077-CD896BAF19B8}"
EndProject
Project("{9A19103F-16F7-4668-BE54-9A1E7A4F7556}") = "IdeaMachineWeb", "Services\IdeaMachineWeb\IdeaMachineWeb.csproj", "{CCB3AB54-77B7-4CFB-9162-5EE48EAB55AA}"
EndProject
Project("{FAE04EC0-301F-11D3-BF4B-00C04F79EFBC}") = "IdeaMachine.ProfilePictureService", "Services\IdeaMachine.ProfilePictureService\IdeaMachine.ProfilePictureService.csproj", "{207A219D-7E07-4335-B76B-A76F00366E60}"
EndProject
Global
	GlobalSection(SolutionConfigurationPlatforms) = preSolution
		Debug|Any CPU = Debug|Any CPU
		Release|Any CPU = Release|Any CPU
	EndGlobalSection
	GlobalSection(ProjectConfigurationPlatforms) = postSolution
		{ECE21599-9EBF-4984-8D39-43198AFA23BB}.Debug|Any CPU.ActiveCfg = Debug|Any CPU
		{ECE21599-9EBF-4984-8D39-43198AFA23BB}.Debug|Any CPU.Build.0 = Debug|Any CPU
		{ECE21599-9EBF-4984-8D39-43198AFA23BB}.Release|Any CPU.ActiveCfg = Release|Any CPU
		{ECE21599-9EBF-4984-8D39-43198AFA23BB}.Release|Any CPU.Build.0 = Release|Any CPU
		{758AC638-0E46-4E27-BB3F-4249AFAF40C4}.Debug|Any CPU.ActiveCfg = Debug|Any CPU
		{758AC638-0E46-4E27-BB3F-4249AFAF40C4}.Debug|Any CPU.Build.0 = Debug|Any CPU
		{758AC638-0E46-4E27-BB3F-4249AFAF40C4}.Release|Any CPU.ActiveCfg = Release|Any CPU
		{758AC638-0E46-4E27-BB3F-4249AFAF40C4}.Release|Any CPU.Build.0 = Release|Any CPU
		{4DABB35E-EE9D-4DCF-B1A8-8ED8233E8A8E}.Debug|Any CPU.ActiveCfg = Debug|Any CPU
		{4DABB35E-EE9D-4DCF-B1A8-8ED8233E8A8E}.Debug|Any CPU.Build.0 = Debug|Any CPU
		{4DABB35E-EE9D-4DCF-B1A8-8ED8233E8A8E}.Release|Any CPU.ActiveCfg = Release|Any CPU
		{4DABB35E-EE9D-4DCF-B1A8-8ED8233E8A8E}.Release|Any CPU.Build.0 = Release|Any CPU
		{9382C9A7-5E3A-4877-BC22-F5F37031C148}.Debug|Any CPU.ActiveCfg = Debug|Any CPU
		{9382C9A7-5E3A-4877-BC22-F5F37031C148}.Debug|Any CPU.Build.0 = Debug|Any CPU
		{9382C9A7-5E3A-4877-BC22-F5F37031C148}.Release|Any CPU.ActiveCfg = Release|Any CPU
		{9382C9A7-5E3A-4877-BC22-F5F37031C148}.Release|Any CPU.Build.0 = Release|Any CPU
		{1A61CBFE-01E4-4C0E-AE4F-AD961D5A15CB}.Debug|Any CPU.ActiveCfg = Debug|Any CPU
		{1A61CBFE-01E4-4C0E-AE4F-AD961D5A15CB}.Debug|Any CPU.Build.0 = Debug|Any CPU
		{1A61CBFE-01E4-4C0E-AE4F-AD961D5A15CB}.Release|Any CPU.ActiveCfg = Release|Any CPU
		{1A61CBFE-01E4-4C0E-AE4F-AD961D5A15CB}.Release|Any CPU.Build.0 = Release|Any CPU
		{8158FF21-BA04-4BDB-B11C-6248064ED058}.Debug|Any CPU.ActiveCfg = Debug|Any CPU
		{8158FF21-BA04-4BDB-B11C-6248064ED058}.Debug|Any CPU.Build.0 = Debug|Any CPU
		{8158FF21-BA04-4BDB-B11C-6248064ED058}.Release|Any CPU.ActiveCfg = Release|Any CPU
		{8158FF21-BA04-4BDB-B11C-6248064ED058}.Release|Any CPU.Build.0 = Release|Any CPU
		{21563978-21AA-48F1-9C39-DD97DA095270}.Debug|Any CPU.ActiveCfg = Debug|Any CPU
		{21563978-21AA-48F1-9C39-DD97DA095270}.Debug|Any CPU.Build.0 = Debug|Any CPU
		{21563978-21AA-48F1-9C39-DD97DA095270}.Release|Any CPU.ActiveCfg = Release|Any CPU
		{21563978-21AA-48F1-9C39-DD97DA095270}.Release|Any CPU.Build.0 = Release|Any CPU
		{0B297AE4-0473-4D7B-8C14-1E94D194C374}.Debug|Any CPU.ActiveCfg = Debug|Any CPU
		{0B297AE4-0473-4D7B-8C14-1E94D194C374}.Debug|Any CPU.Build.0 = Debug|Any CPU
		{0B297AE4-0473-4D7B-8C14-1E94D194C374}.Release|Any CPU.ActiveCfg = Release|Any CPU
		{0B297AE4-0473-4D7B-8C14-1E94D194C374}.Release|Any CPU.Build.0 = Release|Any CPU
		{96CC1BFA-37EF-4E0B-B4D7-6C39D60B9AFE}.Debug|Any CPU.ActiveCfg = Debug|Any CPU
		{96CC1BFA-37EF-4E0B-B4D7-6C39D60B9AFE}.Debug|Any CPU.Build.0 = Debug|Any CPU
		{96CC1BFA-37EF-4E0B-B4D7-6C39D60B9AFE}.Release|Any CPU.ActiveCfg = Release|Any CPU
		{96CC1BFA-37EF-4E0B-B4D7-6C39D60B9AFE}.Release|Any CPU.Build.0 = Release|Any CPU
		{BC423E7A-9B9A-401C-B899-26E5FBF5D79A}.Debug|Any CPU.ActiveCfg = Debug|Any CPU
		{BC423E7A-9B9A-401C-B899-26E5FBF5D79A}.Debug|Any CPU.Build.0 = Debug|Any CPU
		{BC423E7A-9B9A-401C-B899-26E5FBF5D79A}.Release|Any CPU.ActiveCfg = Release|Any CPU
		{BC423E7A-9B9A-401C-B899-26E5FBF5D79A}.Release|Any CPU.Build.0 = Release|Any CPU
		{8D7A71D6-99AA-47F6-9691-661E756EAF55}.Debug|Any CPU.ActiveCfg = Debug|Any CPU
		{8D7A71D6-99AA-47F6-9691-661E756EAF55}.Debug|Any CPU.Build.0 = Debug|Any CPU
		{8D7A71D6-99AA-47F6-9691-661E756EAF55}.Release|Any CPU.ActiveCfg = Release|Any CPU
		{8D7A71D6-99AA-47F6-9691-661E756EAF55}.Release|Any CPU.Build.0 = Release|Any CPU
		{58EAA37F-FD79-4027-8B2C-93BC4992C663}.Debug|Any CPU.ActiveCfg = Debug|Any CPU
		{58EAA37F-FD79-4027-8B2C-93BC4992C663}.Debug|Any CPU.Build.0 = Debug|Any CPU
		{58EAA37F-FD79-4027-8B2C-93BC4992C663}.Release|Any CPU.ActiveCfg = Release|Any CPU
		{58EAA37F-FD79-4027-8B2C-93BC4992C663}.Release|Any CPU.Build.0 = Release|Any CPU
		{1EF06DFB-0266-43CA-AB3B-DEA18866E1CB}.Debug|Any CPU.ActiveCfg = Debug|Any CPU
		{1EF06DFB-0266-43CA-AB3B-DEA18866E1CB}.Debug|Any CPU.Build.0 = Debug|Any CPU
		{1EF06DFB-0266-43CA-AB3B-DEA18866E1CB}.Release|Any CPU.ActiveCfg = Release|Any CPU
		{1EF06DFB-0266-43CA-AB3B-DEA18866E1CB}.Release|Any CPU.Build.0 = Release|Any CPU
		{80CAB45D-A4B7-4623-ADF8-5C3D90CF1E67}.Debug|Any CPU.ActiveCfg = Debug|Any CPU
		{80CAB45D-A4B7-4623-ADF8-5C3D90CF1E67}.Debug|Any CPU.Build.0 = Debug|Any CPU
		{80CAB45D-A4B7-4623-ADF8-5C3D90CF1E67}.Release|Any CPU.ActiveCfg = Release|Any CPU
		{80CAB45D-A4B7-4623-ADF8-5C3D90CF1E67}.Release|Any CPU.Build.0 = Release|Any CPU
		{D15864C0-CBC6-480B-BB61-E7AFDA7ED6D1}.Debug|Any CPU.ActiveCfg = Debug|Any CPU
		{D15864C0-CBC6-480B-BB61-E7AFDA7ED6D1}.Debug|Any CPU.Build.0 = Debug|Any CPU
		{D15864C0-CBC6-480B-BB61-E7AFDA7ED6D1}.Release|Any CPU.ActiveCfg = Release|Any CPU
		{D15864C0-CBC6-480B-BB61-E7AFDA7ED6D1}.Release|Any CPU.Build.0 = Release|Any CPU
		{445AEEC6-4CB8-457B-987A-042497791CFC}.Debug|Any CPU.ActiveCfg = Debug|Any CPU
		{445AEEC6-4CB8-457B-987A-042497791CFC}.Debug|Any CPU.Build.0 = Debug|Any CPU
		{445AEEC6-4CB8-457B-987A-042497791CFC}.Release|Any CPU.ActiveCfg = Release|Any CPU
		{445AEEC6-4CB8-457B-987A-042497791CFC}.Release|Any CPU.Build.0 = Release|Any CPU
		{BFE93EF0-F179-4AB2-A6DB-E92F09DEA388}.Debug|Any CPU.ActiveCfg = Debug|Any CPU
		{BFE93EF0-F179-4AB2-A6DB-E92F09DEA388}.Debug|Any CPU.Build.0 = Debug|Any CPU
		{BFE93EF0-F179-4AB2-A6DB-E92F09DEA388}.Release|Any CPU.ActiveCfg = Release|Any CPU
		{BFE93EF0-F179-4AB2-A6DB-E92F09DEA388}.Release|Any CPU.Build.0 = Release|Any CPU
		{9F14DF7F-695A-4369-BACD-6E84E7536DB8}.Debug|Any CPU.ActiveCfg = Debug|Any CPU
		{9F14DF7F-695A-4369-BACD-6E84E7536DB8}.Debug|Any CPU.Build.0 = Debug|Any CPU
		{9F14DF7F-695A-4369-BACD-6E84E7536DB8}.Release|Any CPU.ActiveCfg = Release|Any CPU
		{9F14DF7F-695A-4369-BACD-6E84E7536DB8}.Release|Any CPU.Build.0 = Release|Any CPU
		{C371C33A-0705-4E65-ABC6-8E0DAD0DB389}.Debug|Any CPU.ActiveCfg = Debug|Any CPU
		{C371C33A-0705-4E65-ABC6-8E0DAD0DB389}.Debug|Any CPU.Build.0 = Debug|Any CPU
		{C371C33A-0705-4E65-ABC6-8E0DAD0DB389}.Release|Any CPU.ActiveCfg = Release|Any CPU
		{C371C33A-0705-4E65-ABC6-8E0DAD0DB389}.Release|Any CPU.Build.0 = Release|Any CPU
		{7AE2EC73-47C4-4242-8E2F-EAD6318E20CA}.Debug|Any CPU.ActiveCfg = Debug|Any CPU
		{7AE2EC73-47C4-4242-8E2F-EAD6318E20CA}.Debug|Any CPU.Build.0 = Debug|Any CPU
		{7AE2EC73-47C4-4242-8E2F-EAD6318E20CA}.Release|Any CPU.ActiveCfg = Release|Any CPU
		{7AE2EC73-47C4-4242-8E2F-EAD6318E20CA}.Release|Any CPU.Build.0 = Release|Any CPU
		{47EB33EB-F9D0-4D9C-9163-996C09D5309E}.Debug|Any CPU.ActiveCfg = Debug|Any CPU
		{47EB33EB-F9D0-4D9C-9163-996C09D5309E}.Debug|Any CPU.Build.0 = Debug|Any CPU
		{47EB33EB-F9D0-4D9C-9163-996C09D5309E}.Release|Any CPU.ActiveCfg = Release|Any CPU
		{47EB33EB-F9D0-4D9C-9163-996C09D5309E}.Release|Any CPU.Build.0 = Release|Any CPU
		{5A7E37F3-A5D8-420C-9C56-9BE546D5640A}.Debug|Any CPU.ActiveCfg = Debug|Any CPU
		{5A7E37F3-A5D8-420C-9C56-9BE546D5640A}.Debug|Any CPU.Build.0 = Debug|Any CPU
		{5A7E37F3-A5D8-420C-9C56-9BE546D5640A}.Release|Any CPU.ActiveCfg = Release|Any CPU
		{5A7E37F3-A5D8-420C-9C56-9BE546D5640A}.Release|Any CPU.Build.0 = Release|Any CPU
		{13A6B63E-CD33-4D19-AC79-1C363D448209}.Debug|Any CPU.ActiveCfg = Debug|Any CPU
		{13A6B63E-CD33-4D19-AC79-1C363D448209}.Debug|Any CPU.Build.0 = Debug|Any CPU
		{13A6B63E-CD33-4D19-AC79-1C363D448209}.Release|Any CPU.ActiveCfg = Release|Any CPU
		{13A6B63E-CD33-4D19-AC79-1C363D448209}.Release|Any CPU.Build.0 = Release|Any CPU
		{3E31C7C5-F465-49AE-A42D-A56153CC9BCB}.Debug|Any CPU.ActiveCfg = Debug|Any CPU
		{3E31C7C5-F465-49AE-A42D-A56153CC9BCB}.Debug|Any CPU.Build.0 = Debug|Any CPU
		{3E31C7C5-F465-49AE-A42D-A56153CC9BCB}.Release|Any CPU.ActiveCfg = Release|Any CPU
		{3E31C7C5-F465-49AE-A42D-A56153CC9BCB}.Release|Any CPU.Build.0 = Release|Any CPU
		{C651DCCB-82A7-464C-A02E-C94A07E81726}.Debug|Any CPU.ActiveCfg = Debug|Any CPU
		{C651DCCB-82A7-464C-A02E-C94A07E81726}.Debug|Any CPU.Build.0 = Debug|Any CPU
		{C651DCCB-82A7-464C-A02E-C94A07E81726}.Release|Any CPU.ActiveCfg = Release|Any CPU
		{C651DCCB-82A7-464C-A02E-C94A07E81726}.Release|Any CPU.Build.0 = Release|Any CPU
		{EDEF844D-44B7-429A-BF88-D4128FA4FCAB}.Debug|Any CPU.ActiveCfg = Debug|Any CPU
		{EDEF844D-44B7-429A-BF88-D4128FA4FCAB}.Debug|Any CPU.Build.0 = Debug|Any CPU
		{EDEF844D-44B7-429A-BF88-D4128FA4FCAB}.Release|Any CPU.ActiveCfg = Release|Any CPU
		{EDEF844D-44B7-429A-BF88-D4128FA4FCAB}.Release|Any CPU.Build.0 = Release|Any CPU
		{CFC94A50-D742-44AB-8AAF-C83EE2605239}.Debug|Any CPU.ActiveCfg = Debug|Any CPU
		{CFC94A50-D742-44AB-8AAF-C83EE2605239}.Debug|Any CPU.Build.0 = Debug|Any CPU
		{CFC94A50-D742-44AB-8AAF-C83EE2605239}.Release|Any CPU.ActiveCfg = Release|Any CPU
		{CFC94A50-D742-44AB-8AAF-C83EE2605239}.Release|Any CPU.Build.0 = Release|Any CPU
		{19B8A5D5-100E-4083-A077-CD896BAF19B8}.Debug|Any CPU.ActiveCfg = Debug|Any CPU
		{19B8A5D5-100E-4083-A077-CD896BAF19B8}.Debug|Any CPU.Build.0 = Debug|Any CPU
		{19B8A5D5-100E-4083-A077-CD896BAF19B8}.Release|Any CPU.ActiveCfg = Release|Any CPU
		{19B8A5D5-100E-4083-A077-CD896BAF19B8}.Release|Any CPU.Build.0 = Release|Any CPU
		{CCB3AB54-77B7-4CFB-9162-5EE48EAB55AA}.Debug|Any CPU.ActiveCfg = Debug|Any CPU
		{CCB3AB54-77B7-4CFB-9162-5EE48EAB55AA}.Debug|Any CPU.Build.0 = Debug|Any CPU
		{CCB3AB54-77B7-4CFB-9162-5EE48EAB55AA}.Release|Any CPU.ActiveCfg = Release|Any CPU
		{CCB3AB54-77B7-4CFB-9162-5EE48EAB55AA}.Release|Any CPU.Build.0 = Release|Any CPU
		{207A219D-7E07-4335-B76B-A76F00366E60}.Debug|Any CPU.ActiveCfg = Debug|Any CPU
		{207A219D-7E07-4335-B76B-A76F00366E60}.Debug|Any CPU.Build.0 = Debug|Any CPU
		{207A219D-7E07-4335-B76B-A76F00366E60}.Release|Any CPU.ActiveCfg = Release|Any CPU
		{207A219D-7E07-4335-B76B-A76F00366E60}.Release|Any CPU.Build.0 = Release|Any CPU
	EndGlobalSection
	GlobalSection(SolutionProperties) = preSolution
		HideSolutionNode = FALSE
	EndGlobalSection
	GlobalSection(NestedProjects) = preSolution
		{ECE21599-9EBF-4984-8D39-43198AFA23BB} = {CFCBCF86-FA94-4510-851A-1F23C6FD9ADE}
		{758AC638-0E46-4E27-BB3F-4249AFAF40C4} = {CFCBCF86-FA94-4510-851A-1F23C6FD9ADE}
		{9382C9A7-5E3A-4877-BC22-F5F37031C148} = {CFCBCF86-FA94-4510-851A-1F23C6FD9ADE}
		{1A61CBFE-01E4-4C0E-AE4F-AD961D5A15CB} = {32AB01DD-C846-4192-938A-11DEAC05B772}
		{8158FF21-BA04-4BDB-B11C-6248064ED058} = {CFCBCF86-FA94-4510-851A-1F23C6FD9ADE}
		{21563978-21AA-48F1-9C39-DD97DA095270} = {CFCBCF86-FA94-4510-851A-1F23C6FD9ADE}
		{0B297AE4-0473-4D7B-8C14-1E94D194C374} = {CFCBCF86-FA94-4510-851A-1F23C6FD9ADE}
		{96CC1BFA-37EF-4E0B-B4D7-6C39D60B9AFE} = {CFCBCF86-FA94-4510-851A-1F23C6FD9ADE}
		{BC423E7A-9B9A-401C-B899-26E5FBF5D79A} = {32AB01DD-C846-4192-938A-11DEAC05B772}
		{8D7A71D6-99AA-47F6-9691-661E756EAF55} = {CFCBCF86-FA94-4510-851A-1F23C6FD9ADE}
		{58EAA37F-FD79-4027-8B2C-93BC4992C663} = {32AB01DD-C846-4192-938A-11DEAC05B772}
		{1EF06DFB-0266-43CA-AB3B-DEA18866E1CB} = {32AB01DD-C846-4192-938A-11DEAC05B772}
		{80CAB45D-A4B7-4623-ADF8-5C3D90CF1E67} = {32AB01DD-C846-4192-938A-11DEAC05B772}
		{D15864C0-CBC6-480B-BB61-E7AFDA7ED6D1} = {CFCBCF86-FA94-4510-851A-1F23C6FD9ADE}
		{445AEEC6-4CB8-457B-987A-042497791CFC} = {32AB01DD-C846-4192-938A-11DEAC05B772}
		{BFE93EF0-F179-4AB2-A6DB-E92F09DEA388} = {32AB01DD-C846-4192-938A-11DEAC05B772}
		{9F14DF7F-695A-4369-BACD-6E84E7536DB8} = {42816EEC-3FED-4342-B3FB-546CF3067EC9}
		{C371C33A-0705-4E65-ABC6-8E0DAD0DB389} = {42816EEC-3FED-4342-B3FB-546CF3067EC9}
		{7AE2EC73-47C4-4242-8E2F-EAD6318E20CA} = {CFCBCF86-FA94-4510-851A-1F23C6FD9ADE}
		{47EB33EB-F9D0-4D9C-9163-996C09D5309E} = {CFCBCF86-FA94-4510-851A-1F23C6FD9ADE}
		{5A7E37F3-A5D8-420C-9C56-9BE546D5640A} = {3A25ED1F-BDBB-41F3-B78F-EF38472136EA}
		{13A6B63E-CD33-4D19-AC79-1C363D448209} = {CFCBCF86-FA94-4510-851A-1F23C6FD9ADE}
		{3E31C7C5-F465-49AE-A42D-A56153CC9BCB} = {CFCBCF86-FA94-4510-851A-1F23C6FD9ADE}
		{C651DCCB-82A7-464C-A02E-C94A07E81726} = {32AB01DD-C846-4192-938A-11DEAC05B772}
		{EDEF844D-44B7-429A-BF88-D4128FA4FCAB} = {32AB01DD-C846-4192-938A-11DEAC05B772}
		{CFC94A50-D742-44AB-8AAF-C83EE2605239} = {32AB01DD-C846-4192-938A-11DEAC05B772}
		{19B8A5D5-100E-4083-A077-CD896BAF19B8} = {4A0A011D-700E-4824-9DC8-DCB6CF73A95A}
		{CCB3AB54-77B7-4CFB-9162-5EE48EAB55AA} = {42816EEC-3FED-4342-B3FB-546CF3067EC9}
		{207A219D-7E07-4335-B76B-A76F00366E60} = {42816EEC-3FED-4342-B3FB-546CF3067EC9}
	EndGlobalSection
	GlobalSection(ExtensibilityGlobals) = postSolution
		SolutionGuid = {43FF27FF-5FB7-41C5-A060-392626E2A889}
	EndGlobalSection
EndGlobal
